
Microsoft Visual Studio Solution File, Format Version 12.00
# Visual Studio Version 17
VisualStudioVersion = 17.3.32922.545
MinimumVisualStudioVersion = 10.0.40219.1
Project("{FAE04EC0-301F-11D3-BF4B-00C04F79EFBC}") = "SamplePoker", "SamplePoker.csproj", "{3F2B6BB8-817F-48E8-B128-0D6B37D020CA}"
EndProject
Global
	GlobalSection(SolutionConfigurationPlatforms) = preSolution
		Debug|Any CPU = Debug|Any CPU
		Release|Any CPU = Release|Any CPU
	EndGlobalSection
	GlobalSection(ProjectConfigurationPlatforms) = postSolution
		{3F2B6BB8-817F-48E8-B128-0D6B37D020CA}.Debug|Any CPU.ActiveCfg = Debug|Any CPU
		{3F2B6BB8-817F-48E8-B128-0D6B37D020CA}.Debug|Any CPU.Build.0 = Debug|Any CPU
		{3F2B6BB8-817F-48E8-B128-0D6B37D020CA}.Release|Any CPU.ActiveCfg = Release|Any CPU
		{3F2B6BB8-817F-48E8-B128-0D6B37D020CA}.Release|Any CPU.Build.0 = Release|Any CPU
	EndGlobalSection
	GlobalSection(SolutionProperties) = preSolution
		HideSolutionNode = FALSE
	EndGlobalSection
	GlobalSection(ExtensibilityGlobals) = postSolution
		SolutionGuid = {0C76D63D-327A-4A94-86F2-7578630DAB17}
	EndGlobalSection
EndGlobal
